{
  "requires": true,
  "lockfileVersion": 1,
  "dependencies": {
    "types-registry": {
      "version": "0.1.490",
      "resolved": "https://registry.npmjs.org/types-registry/-/types-registry-0.1.490.tgz",
      "integrity": "sha512-FMJB90DaWzQfj2WGbnOxfn3WVHFdGRUiiAKkllvx333avKqvB1otJbqfwkUwwioEABC+J1e9ILcfrFWhMzn5TQ=="
    }
  }
}
